
Microsoft Visual Studio Solution File, Format Version 12.00
# Visual Studio 15
VisualStudioVersion = 15.0.28307.271
MinimumVisualStudioVersion = 10.0.40219.1
Project("{FAE04EC0-301F-11D3-BF4B-00C04F79EFBC}") = "Powells.CouponCodeTests", "Powells.CouponCodeTests\Powells.CouponCodeTests.csproj", "{36CEE720-EB84-4B33-964F-0C6E7010728A}"
EndProject
Project("{2150E333-8FDC-42A3-9474-1A3956D46DE8}") = "Solution Items", "Solution Items", "{91E149F2-0089-4CD9-85AD-7E150F836D7F}"
	ProjectSection(SolutionItems) = preProject
		build.bat = build.bat
		LICENSE.md = LICENSE.md
		Powells.CouponCode\Powells.CouponCode.nuspec = Powells.CouponCode\Powells.CouponCode.nuspec
		README.md = README.md
	EndProjectSection
EndProject
Project("{9A19103F-16F7-4668-BE54-9A1E7A4F7556}") = "Powells.CouponCode", "Powells.CouponCode\Powells.CouponCode.csproj", "{2B876823-AC3A-45CE-A39F-D2E1A78B8A72}"
EndProject
Global
	GlobalSection(SolutionConfigurationPlatforms) = preSolution
		Debug|Any CPU = Debug|Any CPU
		Release|Any CPU = Release|Any CPU
	EndGlobalSection
	GlobalSection(ProjectConfigurationPlatforms) = postSolution
		{36CEE720-EB84-4B33-964F-0C6E7010728A}.Debug|Any CPU.ActiveCfg = Debug|Any CPU
		{36CEE720-EB84-4B33-964F-0C6E7010728A}.Debug|Any CPU.Build.0 = Debug|Any CPU
		{36CEE720-EB84-4B33-964F-0C6E7010728A}.Release|Any CPU.ActiveCfg = Release|Any CPU
		{36CEE720-EB84-4B33-964F-0C6E7010728A}.Release|Any CPU.Build.0 = Release|Any CPU
		{2B876823-AC3A-45CE-A39F-D2E1A78B8A72}.Debug|Any CPU.ActiveCfg = Debug|Any CPU
		{2B876823-AC3A-45CE-A39F-D2E1A78B8A72}.Debug|Any CPU.Build.0 = Debug|Any CPU
		{2B876823-AC3A-45CE-A39F-D2E1A78B8A72}.Release|Any CPU.ActiveCfg = Release|Any CPU
		{2B876823-AC3A-45CE-A39F-D2E1A78B8A72}.Release|Any CPU.Build.0 = Release|Any CPU
	EndGlobalSection
	GlobalSection(SolutionProperties) = preSolution
		HideSolutionNode = FALSE
	EndGlobalSection
	GlobalSection(ExtensibilityGlobals) = postSolution
		SolutionGuid = {41604EEA-CF21-4305-B45C-14A19DDB80B9}
	EndGlobalSection
EndGlobal
